
Microsoft Visual Studio Solution File, Format Version 12.00
# Visual Studio Version 16
VisualStudioVersion = 16.0.29215.179
MinimumVisualStudioVersion = 10.0.40219.1
Project("{FAE04EC0-301F-11D3-BF4B-00C04F79EFBC}") = "SpreadsheetGUI", "SpreadsheetGUI\SpreadsheetGUI.csproj", "{906A77E5-CFA0-4000-A612-84F6C0EE399F}"
EndProject
Project("{FAE04EC0-301F-11D3-BF4B-00C04F79EFBC}") = "Resources", "Resources\Resources.csproj", "{6C4A837F-9CE8-499A-87ED-74E21E335CB0}"
EndProject
Global
	GlobalSection(SolutionConfigurationPlatforms) = preSolution
		Debug|Any CPU = Debug|Any CPU
		Release|Any CPU = Release|Any CPU
	EndGlobalSection
	GlobalSection(ProjectConfigurationPlatforms) = postSolution
		{906A77E5-CFA0-4000-A612-84F6C0EE399F}.Debug|Any CPU.ActiveCfg = Debug|Any CPU
		{906A77E5-CFA0-4000-A612-84F6C0EE399F}.Debug|Any CPU.Build.0 = Debug|Any CPU
		{906A77E5-CFA0-4000-A612-84F6C0EE399F}.Release|Any CPU.ActiveCfg = Release|Any CPU
		{906A77E5-CFA0-4000-A612-84F6C0EE399F}.Release|Any CPU.Build.0 = Release|Any CPU
		{6C4A837F-9CE8-499A-87ED-74E21E335CB0}.Debug|Any CPU.ActiveCfg = Debug|Any CPU
		{6C4A837F-9CE8-499A-87ED-74E21E335CB0}.Debug|Any CPU.Build.0 = Debug|Any CPU
		{6C4A837F-9CE8-499A-87ED-74E21E335CB0}.Release|Any CPU.ActiveCfg = Release|Any CPU
		{6C4A837F-9CE8-499A-87ED-74E21E335CB0}.Release|Any CPU.Build.0 = Release|Any CPU
	EndGlobalSection
	GlobalSection(SolutionProperties) = preSolution
		HideSolutionNode = FALSE
	EndGlobalSection
	GlobalSection(ExtensibilityGlobals) = postSolution
		SolutionGuid = {6D8A829C-CCB1-48E7-B883-D25BC385177E}
	EndGlobalSection
EndGlobal
